
Microsoft Visual Studio Solution File, Format Version 12.00
# Visual Studio Version 16
VisualStudioVersion = 16.0.29503.13
MinimumVisualStudioVersion = 10.0.40219.1
Project("{9A19103F-16F7-4668-BE54-9A1E7A4F7556}") = "Assignment_2", "Assignment_2\Assignment_2.csproj", "{13BF7A22-B1BF-4603-937D-338864C9E66B}"
EndProject
Project("{9A19103F-16F7-4668-BE54-9A1E7A4F7556}") = "Assignment_3", "Assignment_3\Assignment_3.csproj", "{9086A9F1-5691-4423-B95C-99FDDDC8414D}"
EndProject
Project("{9A19103F-16F7-4668-BE54-9A1E7A4F7556}") = "Assignment_4", "Assignment_4\Assignment_4.csproj", "{028BC17C-0965-4D03-8C9E-310CDD891992}"
EndProject
Global
	GlobalSection(SolutionConfigurationPlatforms) = preSolution
		Debug|Any CPU = Debug|Any CPU
		Release|Any CPU = Release|Any CPU
	EndGlobalSection
	GlobalSection(ProjectConfigurationPlatforms) = postSolution
		{13BF7A22-B1BF-4603-937D-338864C9E66B}.Debug|Any CPU.ActiveCfg = Debug|Any CPU
		{13BF7A22-B1BF-4603-937D-338864C9E66B}.Debug|Any CPU.Build.0 = Debug|Any CPU
		{13BF7A22-B1BF-4603-937D-338864C9E66B}.Release|Any CPU.ActiveCfg = Release|Any CPU
		{13BF7A22-B1BF-4603-937D-338864C9E66B}.Release|Any CPU.Build.0 = Release|Any CPU
		{9086A9F1-5691-4423-B95C-99FDDDC8414D}.Debug|Any CPU.ActiveCfg = Debug|Any CPU
		{9086A9F1-5691-4423-B95C-99FDDDC8414D}.Debug|Any CPU.Build.0 = Debug|Any CPU
		{9086A9F1-5691-4423-B95C-99FDDDC8414D}.Release|Any CPU.ActiveCfg = Release|Any CPU
		{9086A9F1-5691-4423-B95C-99FDDDC8414D}.Release|Any CPU.Build.0 = Release|Any CPU
		{028BC17C-0965-4D03-8C9E-310CDD891992}.Debug|Any CPU.ActiveCfg = Debug|Any CPU
		{028BC17C-0965-4D03-8C9E-310CDD891992}.Debug|Any CPU.Build.0 = Debug|Any CPU
		{028BC17C-0965-4D03-8C9E-310CDD891992}.Release|Any CPU.ActiveCfg = Release|Any CPU
		{028BC17C-0965-4D03-8C9E-310CDD891992}.Release|Any CPU.Build.0 = Release|Any CPU
	EndGlobalSection
	GlobalSection(SolutionProperties) = preSolution
		HideSolutionNode = FALSE
	EndGlobalSection
	GlobalSection(ExtensibilityGlobals) = postSolution
		SolutionGuid = {12227056-11E9-4705-9A89-50B7F329E3BE}
	EndGlobalSection
EndGlobal
